# This file is autogenerated, do not edit; changes may be undone by the next 'dep ensure'.


[[projects]]
  name = "github.com/go-chi/chi"
  packages = [".","middleware"]
  revision = "86f9a6e7ce9bf453eaa339b51f88f586edbccbc1"
  version = "v4.1.2"

[[projects]]
  name = "github.com/go-chi/render"
  packages = ["."]
  revision = "3215478343fbc559bd3fc08f7031bb134d6bdad5"
  version = "v1.0.1"

[[projects]]
  name = "github.com/konsorten/go-windows-terminal-sequences"
  packages = ["."]
  revision = "edb144dfd453055e1e49a3d8b410a660b5a87613"
  version = "v1.0.3"

[[projects]]
  name = "github.com/lib/pq"
  packages = [".","oid","scram"]
  revision = "8ae9eeaa02388a26cd5586023a0c4166c021a83d"
  version = "v1.7.0"

[[projects]]
  name = "github.com/satori/go.uuid"
  packages = ["."]
  revision = "f58768cc1a7a7e77a3bd49e98cdd21419399b6a3"
  version = "v1.2.0"

[[projects]]
  name = "github.com/sirupsen/logrus"
  packages = ["."]
  revision = "60c74ad9be0d874af0ab0daef6ab07c5c5911f0d"
  version = "v1.6.0"

[[projects]]
  branch = "master"
  name = "golang.org/x/sys"
  packages = ["internal/unsafeheader","unix"]
  revision = "ddb9806d33aed8dbaac1cd6f1cba58952e87f933"

[solve-meta]
  analyzer-name = "dep"
  analyzer-version = 1
  inputs-digest = "96d36a75df62dfb10acc8fb5fd657c9b314f16c1b6e5e9f0ec1b7101785f18ac"
  solver-name = "gps-cdcl"
  solver-version = 1
